
Microsoft Visual Studio Solution File, Format Version 12.00
Project("{FAE04EC0-301F-11D3-BF4B-00C04F79EFBC}") = "practiceA", "practiceA\practiceA.csproj", "{D76C6B7E-916A-451F-97BD-D1ADE642D251}"
EndProject
Project("{FAE04EC0-301F-11D3-BF4B-00C04F79EFBC}") = "ABC086A", "ABC086A\ABC086A.csproj", "{F819096E-AD70-42F4-BA9F-A1058C115AF2}"
EndProject
Global
	GlobalSection(SolutionConfigurationPlatforms) = preSolution
		Debug|Any CPU = Debug|Any CPU
		Release|Any CPU = Release|Any CPU
	EndGlobalSection
	GlobalSection(ProjectConfigurationPlatforms) = postSolution
		{D76C6B7E-916A-451F-97BD-D1ADE642D251}.Debug|Any CPU.ActiveCfg = Debug|Any CPU
		{D76C6B7E-916A-451F-97BD-D1ADE642D251}.Debug|Any CPU.Build.0 = Debug|Any CPU
		{D76C6B7E-916A-451F-97BD-D1ADE642D251}.Release|Any CPU.ActiveCfg = Release|Any CPU
		{D76C6B7E-916A-451F-97BD-D1ADE642D251}.Release|Any CPU.Build.0 = Release|Any CPU
		{F819096E-AD70-42F4-BA9F-A1058C115AF2}.Debug|Any CPU.ActiveCfg = Debug|Any CPU
		{F819096E-AD70-42F4-BA9F-A1058C115AF2}.Debug|Any CPU.Build.0 = Debug|Any CPU
		{F819096E-AD70-42F4-BA9F-A1058C115AF2}.Release|Any CPU.ActiveCfg = Release|Any CPU
		{F819096E-AD70-42F4-BA9F-A1058C115AF2}.Release|Any CPU.Build.0 = Release|Any CPU
	EndGlobalSection
EndGlobal
